// !$*UTF8*$!
{
	archiveVersion = 1;
	classes = {
	};
	objectVersion = 46;
	objects = {

/* Begin PBXBuildFile section */
		180A674513483F1A00225E7E /* UIKit.framework in Frameworks */ = {isa = PBXBuildFile; fileRef = 180A674413483F1A00225E7E /* UIKit.framework */; };
		180A674713483F1A00225E7E /* Foundation.framework in Frameworks */ = {isa = PBXBuildFile; fileRef = 180A674613483F1A00225E7E /* Foundation.framework */; };
		180A674913483F1A00225E7E /* CoreGraphics.framework in Frameworks */ = {isa = PBXBuildFile; fileRef = 180A674813483F1A00225E7E /* CoreGraphics.framework */; };
		180A674F13483F1A00225E7E /* InfoPlist.strings in Resources */ = {isa = PBXBuildFile; fileRef = 180A674D13483F1A00225E7E /* InfoPlist.strings */; };
		180A675213483F1A00225E7E /* main.m in Sources */ = {isa = PBXBuildFile; fileRef = 180A675113483F1A00225E7E /* main.m */; };
		180A675513483F1A00225E7E /* PhotoFXAppDelegate.m in Sources */ = {isa = PBXBuildFile; fileRef = 180A675413483F1A00225E7E /* PhotoFXAppDelegate.m */; };
		180A675913483F1A00225E7E /* PhotoFXAppDelegate_iPhone.m in Sources */ = {isa = PBXBuildFile; fileRef = 180A675813483F1A00225E7E /* PhotoFXAppDelegate_iPhone.m */; };
		180A675C13483F1B00225E7E /* MainWindow_iPhone.xib in Resources */ = {isa = PBXBuildFile; fileRef = 180A675A13483F1B00225E7E /* MainWindow_iPhone.xib */; };
		180A676013483F1B00225E7E /* PhotoFXAppDelegate_iPad.m in Sources */ = {isa = PBXBuildFile; fileRef = 180A675F13483F1B00225E7E /* PhotoFXAppDelegate_iPad.m */; };
		180A676313483F1B00225E7E /* MainWindow_iPad.xib in Resources */ = {isa = PBXBuildFile; fileRef = 180A676113483F1B00225E7E /* MainWindow_iPad.xib */; };
		180A676A13483F1B00225E7E /* UIKit.framework in Frameworks */ = {isa = PBXBuildFile; fileRef = 180A674413483F1A00225E7E /* UIKit.framework */; };
		180A676B13483F1B00225E7E /* Foundation.framework in Frameworks */ = {isa = PBXBuildFile; fileRef = 180A674613483F1A00225E7E /* Foundation.framework */; };
		180A676C13483F1B00225E7E /* CoreGraphics.framework in Frameworks */ = {isa = PBXBuildFile; fileRef = 180A674813483F1A00225E7E /* CoreGraphics.framework */; };
		180A677413483F1B00225E7E /* InfoPlist.strings in Resources */ = {isa = PBXBuildFile; fileRef = 180A677213483F1B00225E7E /* InfoPlist.strings */; };
		180A677713483F1B00225E7E /* PhotoFXTests.h in Resources */ = {isa = PBXBuildFile; fileRef = 180A677613483F1B00225E7E /* PhotoFXTests.h */; };
		180A677913483F1B00225E7E /* PhotoFXTests.m in Sources */ = {isa = PBXBuildFile; fileRef = 180A677813483F1B00225E7E /* PhotoFXTests.m */; };
		180A678313483F3100225E7E /* README in Resources */ = {isa = PBXBuildFile; fileRef = 180A678213483F3100225E7E /* README */; };
		18AC49B9134AEDB100953588 /* coder.xml in Resources */ = {isa = PBXBuildFile; fileRef = 18AC4925134AEDB100953588 /* coder.xml */; };
		18AC49BA134AEDB100953588 /* coder.xml in Resources */ = {isa = PBXBuildFile; fileRef = 18AC4925134AEDB100953588 /* coder.xml */; };
		18AC49BB134AEDB100953588 /* colors.xml in Resources */ = {isa = PBXBuildFile; fileRef = 18AC4926134AEDB100953588 /* colors.xml */; };
		18AC49BC134AEDB100953588 /* colors.xml in Resources */ = {isa = PBXBuildFile; fileRef = 18AC4926134AEDB100953588 /* colors.xml */; };
		18AC49BD134AEDB100953588 /* configure.xml in Resources */ = {isa = PBXBuildFile; fileRef = 18AC4927134AEDB100953588 /* configure.xml */; };
		18AC49BE134AEDB100953588 /* configure.xml in Resources */ = {isa = PBXBuildFile; fileRef = 18AC4927134AEDB100953588 /* configure.xml */; };
		18AC49BF134AEDB100953588 /* delegates.xml in Resources */ = {isa = PBXBuildFile; fileRef = 18AC4928134AEDB100953588 /* delegates.xml */; };
		18AC49C0134AEDB100953588 /* delegates.xml in Resources */ = {isa = PBXBuildFile; fileRef = 18AC4928134AEDB100953588 /* delegates.xml */; };
		18AC49C1134AEDB100953588 /* english.xml in Resources */ = {isa = PBXBuildFile; fileRef = 18AC4929134AEDB100953588 /* english.xml */; };
		18AC49C2134AEDB100953588 /* english.xml in Resources */ = {isa = PBXBuildFile; fileRef = 18AC4929134AEDB100953588 /* english.xml */; };
		18AC49C3134AEDB100953588 /* francais.xml in Resources */ = {isa = PBXBuildFile; fileRef = 18AC492A134AEDB100953588 /* francais.xml */; };
		18AC49C4134AEDB100953588 /* francais.xml in Resources */ = {isa = PBXBuildFile; fileRef = 18AC492A134AEDB100953588 /* francais.xml */; };
		18AC49C5134AEDB100953588 /* locale.xml in Resources */ = {isa = PBXBuildFile; fileRef = 18AC492B134AEDB100953588 /* locale.xml */; };
		18AC49C6134AEDB100953588 /* locale.xml in Resources */ = {isa = PBXBuildFile; fileRef = 18AC492B134AEDB100953588 /* locale.xml */; };
		18AC49C7134AEDB100953588 /* log.xml in Resources */ = {isa = PBXBuildFile; fileRef = 18AC492C134AEDB100953588 /* log.xml */; };
		18AC49C8134AEDB100953588 /* log.xml in Resources */ = {isa = PBXBuildFile; fileRef = 18AC492C134AEDB100953588 /* log.xml */; };
		18AC49C9134AEDB100953588 /* magic.xml in Resources */ = {isa = PBXBuildFile; fileRef = 18AC492D134AEDB100953588 /* magic.xml */; };
		18AC49CA134AEDB100953588 /* magic.xml in Resources */ = {isa = PBXBuildFile; fileRef = 18AC492D134AEDB100953588 /* magic.xml */; };
		18AC49CB134AEDB100953588 /* mime.xml in Resources */ = {isa = PBXBuildFile; fileRef = 18AC492E134AEDB100953588 /* mime.xml */; };
		18AC49CC134AEDB100953588 /* mime.xml in Resources */ = {isa = PBXBuildFile; fileRef = 18AC492E134AEDB100953588 /* mime.xml */; };
		18AC49CD134AEDB100953588 /* policy.xml in Resources */ = {isa = PBXBuildFile; fileRef = 18AC492F134AEDB100953588 /* policy.xml */; };
		18AC49CE134AEDB100953588 /* policy.xml in Resources */ = {isa = PBXBuildFile; fileRef = 18AC492F134AEDB100953588 /* policy.xml */; };
		18AC49CF134AEDB100953588 /* sRGB.icm in Resources */ = {isa = PBXBuildFile; fileRef = 18AC4930134AEDB100953588 /* sRGB.icm */; };
		18AC49D0134AEDB100953588 /* sRGB.icm in Resources */ = {isa = PBXBuildFile; fileRef = 18AC4930134AEDB100953588 /* sRGB.icm */; };
		18AC49D1134AEDB100953588 /* thresholds.xml in Resources */ = {isa = PBXBuildFile; fileRef = 18AC4931134AEDB100953588 /* thresholds.xml */; };
		18AC49D2134AEDB100953588 /* thresholds.xml in Resources */ = {isa = PBXBuildFile; fileRef = 18AC4931134AEDB100953588 /* thresholds.xml */; };
		18AC49D3134AEDB100953588 /* type-dejavu.xml in Resources */ = {isa = PBXBuildFile; fileRef = 18AC4932134AEDB100953588 /* type-dejavu.xml */; };
		18AC49D4134AEDB100953588 /* type-dejavu.xml in Resources */ = {isa = PBXBuildFile; fileRef = 18AC4932134AEDB100953588 /* type-dejavu.xml */; };
		18AC49D5134AEDB100953588 /* type-ghostscript.xml in Resources */ = {isa = PBXBuildFile; fileRef = 18AC4933134AEDB100953588 /* type-ghostscript.xml */; };
		18AC49D6134AEDB100953588 /* type-ghostscript.xml in Resources */ = {isa = PBXBuildFile; fileRef = 18AC4933134AEDB100953588 /* type-ghostscript.xml */; };
		18AC49D7134AEDB100953588 /* type-windows.xml in Resources */ = {isa = PBXBuildFile; fileRef = 18AC4934134AEDB100953588 /* type-windows.xml */; };
		18AC49D8134AEDB100953588 /* type-windows.xml in Resources */ = {isa = PBXBuildFile; fileRef = 18AC4934134AEDB100953588 /* type-windows.xml */; };
		18AC49D9134AEDB100953588 /* type.xml in Resources */ = {isa = PBXBuildFile; fileRef = 18AC4935134AEDB100953588 /* type.xml */; };
		18AC49DA134AEDB100953588 /* type.xml in Resources */ = {isa = PBXBuildFile; fileRef = 18AC4935134AEDB100953588 /* type.xml */; };
		18AC49DB134AEDB100953588 /* libjpeg.a in Frameworks */ = {isa = PBXBuildFile; fileRef = 18AC49B4134AEDB100953588 /* libjpeg.a */; };
		18AC49DC134AEDB200953588 /* libjpeg.a in Frameworks */ = {isa = PBXBuildFile; fileRef = 18AC49B4134AEDB100953588 /* libjpeg.a */; };
		18AC49DD134AEDB200953588 /* libMagickCore.a in Frameworks */ = {isa = PBXBuildFile; fileRef = 18AC49B5134AEDB100953588 /* libMagickCore.a */; };
		18AC49DE134AEDB200953588 /* libMagickCore.a in Frameworks */ = {isa = PBXBuildFile; fileRef = 18AC49B5134AEDB100953588 /* libMagickCore.a */; };
		18AC49DF134AEDB200953588 /* libMagickWand.a in Frameworks */ = {isa = PBXBuildFile; fileRef = 18AC49B6134AEDB100953588 /* libMagickWand.a */; };
		18AC49E0134AEDB200953588 /* libMagickWand.a in Frameworks */ = {isa = PBXBuildFile; fileRef = 18AC49B6134AEDB100953588 /* libMagickWand.a */; };
		18AC49E1134AEDB200953588 /* libpng.a in Frameworks */ = {isa = PBXBuildFile; fileRef = 18AC49B7134AEDB100953588 /* libpng.a */; };
		18AC49E2134AEDB200953588 /* libpng.a in Frameworks */ = {isa = PBXBuildFile; fileRef = 18AC49B7134AEDB100953588 /* libpng.a */; };
		18AC49E3134AEDB200953588 /* libtiff.a in Frameworks */ = {isa = PBXBuildFile; fileRef = 18AC49B8134AEDB100953588 /* libtiff.a */; };
		18AC49E4134AEDB200953588 /* libtiff.a in Frameworks */ = {isa = PBXBuildFile; fileRef = 18AC49B8134AEDB100953588 /* libtiff.a */; };
/* End PBXBuildFile section */

/* Begin PBXContainerItemProxy section */
		180A676D13483F1B00225E7E /* PBXContainerItemProxy */ = {
			isa = PBXContainerItemProxy;
			containerPortal = 180A673713483F1A00225E7E /* Project object */;
			proxyType = 1;
			remoteGlobalIDString = 180A673F13483F1A00225E7E;
			remoteInfo = PhotoFX;
		};
/* End PBXContainerItemProxy section */

/* Begin PBXFileReference section */
		180A674013483F1A00225E7E /* PhotoFX.app */ = {isa = PBXFileReference; explicitFileType = wrapper.application; includeInIndex = 0; path = PhotoFX.app; sourceTree = BUILT_PRODUCTS_DIR; };
		180A674413483F1A00225E7E /* UIKit.framework */ = {isa = PBXFileReference; lastKnownFileType = wrapper.framework; name = UIKit.framework; path = System/Library/Frameworks/UIKit.framework; sourceTree = SDKROOT; };
		180A674613483F1A00225E7E /* Foundation.framework */ = {isa = PBXFileReference; lastKnownFileType = wrapper.framework; name = Foundation.framework; path = System/Library/Frameworks/Foundation.framework; sourceTree = SDKROOT; };
		180A674813483F1A00225E7E /* CoreGraphics.framework */ = {isa = PBXFileReference; lastKnownFileType = wrapper.framework; name = CoreGraphics.framework; path = System/Library/Frameworks/CoreGraphics.framework; sourceTree = SDKROOT; };
		180A674C13483F1A00225E7E /* PhotoFX-Info.plist */ = {isa = PBXFileReference; lastKnownFileType = text.plist.xml; path = "PhotoFX-Info.plist"; sourceTree = "<group>"; };
		180A674E13483F1A00225E7E /* en */ = {isa = PBXFileReference; lastKnownFileType = text.plist.strings; name = en; path = en.lproj/InfoPlist.strings; sourceTree = "<group>"; };
		180A675013483F1A00225E7E /* PhotoFX-Prefix.pch */ = {isa = PBXFileReference; lastKnownFileType = sourcecode.c.h; path = "PhotoFX-Prefix.pch"; sourceTree = "<group>"; };
		180A675113483F1A00225E7E /* main.m */ = {isa = PBXFileReference; lastKnownFileType = sourcecode.c.objc; path = main.m; sourceTree = "<group>"; };
		180A675313483F1A00225E7E /* PhotoFXAppDelegate.h */ = {isa = PBXFileReference; lastKnownFileType = sourcecode.c.h; path = PhotoFXAppDelegate.h; sourceTree = "<group>"; };
		180A675413483F1A00225E7E /* PhotoFXAppDelegate.m */ = {isa = PBXFileReference; lastKnownFileType = sourcecode.c.objc; path = PhotoFXAppDelegate.m; sourceTree = "<group>"; };
		180A675713483F1A00225E7E /* PhotoFXAppDelegate_iPhone.h */ = {isa = PBXFileReference; lastKnownFileType = sourcecode.c.h; name = PhotoFXAppDelegate_iPhone.h; path = iPhone/PhotoFXAppDelegate_iPhone.h; sourceTree = "<group>"; };
		180A675813483F1A00225E7E /* PhotoFXAppDelegate_iPhone.m */ = {isa = PBXFileReference; lastKnownFileType = sourcecode.c.objc; name = PhotoFXAppDelegate_iPhone.m; path = iPhone/PhotoFXAppDelegate_iPhone.m; sourceTree = "<group>"; };
		180A675B13483F1B00225E7E /* en */ = {isa = PBXFileReference; lastKnownFileType = file.xib; name = en; path = iPhone/en.lproj/MainWindow_iPhone.xib; sourceTree = "<group>"; };
		180A675E13483F1B00225E7E /* PhotoFXAppDelegate_iPad.h */ = {isa = PBXFileReference; lastKnownFileType = sourcecode.c.h; name = PhotoFXAppDelegate_iPad.h; path = iPad/PhotoFXAppDelegate_iPad.h; sourceTree = "<group>"; };
		180A675F13483F1B00225E7E /* PhotoFXAppDelegate_iPad.m */ = {isa = PBXFileReference; lastKnownFileType = sourcecode.c.objc; name = PhotoFXAppDelegate_iPad.m; path = iPad/PhotoFXAppDelegate_iPad.m; sourceTree = "<group>"; };
		180A676213483F1B00225E7E /* en */ = {isa = PBXFileReference; lastKnownFileType = file.xib; name = en; path = iPad/en.lproj/MainWindow_iPad.xib; sourceTree = "<group>"; };
		180A676913483F1B00225E7E /* PhotoFXTests.octest */ = {isa = PBXFileReference; explicitFileType = wrapper.cfbundle; includeInIndex = 0; path = PhotoFXTests.octest; sourceTree = BUILT_PRODUCTS_DIR; };
		180A677113483F1B00225E7E /* PhotoFXTests-Info.plist */ = {isa = PBXFileReference; lastKnownFileType = text.plist.xml; path = "PhotoFXTests-Info.plist"; sourceTree = "<group>"; };
		180A677313483F1B00225E7E /* en */ = {isa = PBXFileReference; lastKnownFileType = text.plist.strings; name = en; path = en.lproj/InfoPlist.strings; sourceTree = "<group>"; };
		180A677513483F1B00225E7E /* PhotoFXTests-Prefix.pch */ = {isa = PBXFileReference; lastKnownFileType = sourcecode.c.h; path = "PhotoFXTests-Prefix.pch"; sourceTree = "<group>"; };
		180A677613483F1B00225E7E /* PhotoFXTests.h */ = {isa = PBXFileReference; lastKnownFileType = sourcecode.c.h; path = PhotoFXTests.h; sourceTree = "<group>"; };
		180A677813483F1B00225E7E /* PhotoFXTests.m */ = {isa = PBXFileReference; lastKnownFileType = sourcecode.c.objc; path = PhotoFXTests.m; sourceTree = "<group>"; };
		180A678213483F3100225E7E /* README */ = {isa = PBXFileReference; fileEncoding = 4; lastKnownFileType = text; path = README; sourceTree = "<group>"; };
		18AC4925134AEDB100953588 /* coder.xml */ = {isa = PBXFileReference; fileEncoding = 4; lastKnownFileType = text.xml; path = coder.xml; sourceTree = "<group>"; };
		18AC4926134AEDB100953588 /* colors.xml */ = {isa = PBXFileReference; fileEncoding = 4; lastKnownFileType = text.xml; path = colors.xml; sourceTree = "<group>"; };
		18AC4927134AEDB100953588 /* configure.xml */ = {isa = PBXFileReference; fileEncoding = 4; lastKnownFileType = text.xml; path = configure.xml; sourceTree = "<group>"; };
		18AC4928134AEDB100953588 /* delegates.xml */ = {isa = PBXFileReference; fileEncoding = 4; lastKnownFileType = text.xml; path = delegates.xml; sourceTree = "<group>"; };
		18AC4929134AEDB100953588 /* english.xml */ = {isa = PBXFileReference; fileEncoding = 4; lastKnownFileType = text.xml; path = english.xml; sourceTree = "<group>"; };
		18AC492A134AEDB100953588 /* francais.xml */ = {isa = PBXFileReference; fileEncoding = 4; lastKnownFileType = text.xml; path = francais.xml; sourceTree = "<group>"; };
		18AC492B134AEDB100953588 /* locale.xml */ = {isa = PBXFileReference; fileEncoding = 4; lastKnownFileType = text.xml; path = locale.xml; sourceTree = "<group>"; };
		18AC492C134AEDB100953588 /* log.xml */ = {isa = PBXFileReference; fileEncoding = 4; lastKnownFileType = text.xml; path = log.xml; sourceTree = "<group>"; };
		18AC492D134AEDB100953588 /* magic.xml */ = {isa = PBXFileReference; fileEncoding = 4; lastKnownFileType = text.xml; path = magic.xml; sourceTree = "<group>"; };
		18AC492E134AEDB100953588 /* mime.xml */ = {isa = PBXFileReference; fileEncoding = 4; lastKnownFileType = text.xml; path = mime.xml; sourceTree = "<group>"; };
		18AC492F134AEDB100953588 /* policy.xml */ = {isa = PBXFileReference; fileEncoding = 4; lastKnownFileType = text.xml; path = policy.xml; sourceTree = "<group>"; };
		18AC4930134AEDB100953588 /* sRGB.icm */ = {isa = PBXFileReference; lastKnownFileType = file; path = sRGB.icm; sourceTree = "<group>"; };
		18AC4931134AEDB100953588 /* thresholds.xml */ = {isa = PBXFileReference; fileEncoding = 4; lastKnownFileType = text.xml; path = thresholds.xml; sourceTree = "<group>"; };
		18AC4932134AEDB100953588 /* type-dejavu.xml */ = {isa = PBXFileReference; fileEncoding = 4; lastKnownFileType = text.xml; path = "type-dejavu.xml"; sourceTree = "<group>"; };
		18AC4933134AEDB100953588 /* type-ghostscript.xml */ = {isa = PBXFileReference; fileEncoding = 4; lastKnownFileType = text.xml; path = "type-ghostscript.xml"; sourceTree = "<group>"; };
		18AC4934134AEDB100953588 /* type-windows.xml */ = {isa = PBXFileReference; fileEncoding = 4; lastKnownFileType = text.xml; path = "type-windows.xml"; sourceTree = "<group>"; };
		18AC4935134AEDB100953588 /* type.xml */ = {isa = PBXFileReference; fileEncoding = 4; lastKnownFileType = text.xml; path = type.xml; sourceTree = "<group>"; };
		18AC4937134AEDB100953588 /* jconfig.h */ = {isa = PBXFileReference; fileEncoding = 4; lastKnownFileType = sourcecode.c.h; path = jconfig.h; sourceTree = "<group>"; };
		18AC4938134AEDB100953588 /* jerror.h */ = {isa = PBXFileReference; fileEncoding = 4; lastKnownFileType = sourcecode.c.h; path = jerror.h; sourceTree = "<group>"; };
		18AC4939134AEDB100953588 /* jmorecfg.h */ = {isa = PBXFileReference; fileEncoding = 4; lastKnownFileType = sourcecode.c.h; path = jmorecfg.h; sourceTree = "<group>"; };
		18AC493A134AEDB100953588 /* jpeglib.h */ = {isa = PBXFileReference; fileEncoding = 4; lastKnownFileType = sourcecode.c.h; path = jpeglib.h; sourceTree = "<group>"; };
		18AC493C134AEDB100953588 /* accelerate.h */ = {isa = PBXFileReference; fileEncoding = 4; lastKnownFileType = sourcecode.c.h; path = accelerate.h; sourceTree = "<group>"; };
		18AC493D134AEDB100953588 /* animate.h */ = {isa = PBXFileReference; fileEncoding = 4; lastKnownFileType = sourcecode.c.h; path = animate.h; sourceTree = "<group>"; };
		18AC493E134AEDB100953588 /* annotate.h */ = {isa = PBXFileReference; fileEncoding = 4; lastKnownFileType = sourcecode.c.h; path = annotate.h; sourceTree = "<group>"; };
		18AC493F134AEDB100953588 /* api.h */ = {isa = PBXFileReference; fileEncoding = 4; lastKnownFileType = sourcecode.c.h; path = api.h; sourceTree = "<group>"; };
		18AC4940134AEDB100953588 /* artifact.h */ = {isa = PBXFileReference; fileEncoding = 4; lastKnownFileType = sourcecode.c.h; path = artifact.h; sourceTree = "<group>"; };
		18AC4941134AEDB100953588 /* attribute.h */ = {isa = PBXFileReference; fileEncoding = 4; lastKnownFileType = sourcecode.c.h; path = attribute.h; sourceTree = "<group>"; };
		18AC4942134AEDB100953588 /* blob.h */ = {isa = PBXFileReference; fileEncoding = 4; lastKnownFileType = sourcecode.c.h; path = blob.h; sourceTree = "<group>"; };
		18AC4943134AEDB100953588 /* cache-view.h */ = {isa = PBXFileReference; fileEncoding = 4; lastKnownFileType = sourcecode.c.h; path = "cache-view.h"; sourceTree = "<group>"; };
		18AC4944134AEDB100953588 /* cache.h */ = {isa = PBXFileReference; fileEncoding = 4; lastKnownFileType = sourcecode.c.h; path = cache.h; sourceTree = "<group>"; };
		18AC4945134AEDB100953588 /* cipher.h */ = {isa = PBXFileReference; fileEncoding = 4; lastKnownFileType = sourcecode.c.h; path = cipher.h; sourceTree = "<group>"; };
		18AC4946134AEDB100953588 /* client.h */ = {isa = PBXFileReference; fileEncoding = 4; lastKnownFileType = sourcecode.c.h; path = client.h; sourceTree = "<group>"; };
		18AC4947134AEDB100953588 /* coder.h */ = {isa = PBXFileReference; fileEncoding = 4; lastKnownFileType = sourcecode.c.h; path = coder.h; sourceTree = "<group>"; };
		18AC4948134AEDB100953588 /* color.h */ = {isa = PBXFileReference; fileEncoding = 4; lastKnownFileType = sourcecode.c.h; path = color.h; sourceTree = "<group>"; };
		18AC4949134AEDB100953588 /* colormap.h */ = {isa = PBXFileReference; fileEncoding = 4; lastKnownFileType = sourcecode.c.h; path = colormap.h; sourceTree = "<group>"; };
		18AC494A134AEDB100953588 /* colorspace.h */ = {isa = PBXFileReference; fileEncoding = 4; lastKnownFileType = sourcecode.c.h; path = colorspace.h; sourceTree = "<group>"; };
		18AC494B134AEDB100953588 /* compare.h */ = {isa = PBXFileReference; fileEncoding = 4; lastKnownFileType = sourcecode.c.h; path = compare.h; sourceTree = "<group>"; };
		18AC494C134AEDB100953588 /* composite.h */ = {isa = PBXFileReference; fileEncoding = 4; lastKnownFileType = sourcecode.c.h; path = composite.h; sourceTree = "<group>"; };
		18AC494D134AEDB100953588 /* compress.h */ = {isa = PBXFileReference; fileEncoding = 4; lastKnownFileType = sourcecode.c.h; path = compress.h; sourceTree = "<group>"; };
		18AC494E134AEDB100953588 /* configure.h */ = {isa = PBXFileReference; fileEncoding = 4; lastKnownFileType = sourcecode.c.h; path = configure.h; sourceTree = "<group>"; };
		18AC494F134AEDB100953588 /* constitute.h */ = {isa = PBXFileReference; fileEncoding = 4; lastKnownFileType = sourcecode.c.h; path = constitute.h; sourceTree = "<group>"; };
		18AC4950134AEDB100953588 /* decorate.h */ = {isa = PBXFileReference; fileEncoding = 4; lastKnownFileType = sourcecode.c.h; path = decorate.h; sourceTree = "<group>"; };
		18AC4951134AEDB100953588 /* delegate.h */ = {isa = PBXFileReference; fileEncoding = 4; lastKnownFileType = sourcecode.c.h; path = delegate.h; sourceTree = "<group>"; };
		18AC4952134AEDB100953588 /* deprecate.h */ = {isa = PBXFileReference; fileEncoding = 4; lastKnownFileType = sourcecode.c.h; path = deprecate.h; sourceTree = "<group>"; };
		18AC4953134AEDB100953588 /* display.h */ = {isa = PBXFileReference; fileEncoding = 4; lastKnownFileType = sourcecode.c.h; path = display.h; sourceTree = "<group>"; };
		18AC4954134AEDB100953588 /* distort.h */ = {isa = PBXFileReference; fileEncoding = 4; lastKnownFileType = sourcecode.c.h; path = distort.h; sourceTree = "<group>"; };
		18AC4955134AEDB100953588 /* draw.h */ = {isa = PBXFileReference; fileEncoding = 4; lastKnownFileType = sourcecode.c.h; path = draw.h; sourceTree = "<group>"; };
		18AC4956134AEDB100953588 /* effect.h */ = {isa = PBXFileReference; fileEncoding = 4; lastKnownFileType = sourcecode.c.h; path = effect.h; sourceTree = "<group>"; };
		18AC4957134AEDB100953588 /* enhance.h */ = {isa = PBXFileReference; fileEncoding = 4; lastKnownFileType = sourcecode.c.h; path = enhance.h; sourceTree = "<group>"; };
		18AC4958134AEDB100953588 /* exception.h */ = {isa = PBXFileReference; fileEncoding = 4; lastKnownFileType = sourcecode.c.h; path = exception.h; sourceTree = "<group>"; };
		18AC4959134AEDB100953588 /* feature.h */ = {isa = PBXFileReference; fileEncoding = 4; lastKnownFileType = sourcecode.c.h; path = feature.h; sourceTree = "<group>"; };
		18AC495A134AEDB100953588 /* fourier.h */ = {isa = PBXFileReference; fileEncoding = 4; lastKnownFileType = sourcecode.c.h; path = fourier.h; sourceTree = "<group>"; };
		18AC495B134AEDB100953588 /* fx.h */ = {isa = PBXFileReference; fileEncoding = 4; lastKnownFileType = sourcecode.c.h; path = fx.h; sourceTree = "<group>"; };
		18AC495C134AEDB100953588 /* gem.h */ = {isa = PBXFileReference; fileEncoding = 4; lastKnownFileType = sourcecode.c.h; path = gem.h; sourceTree = "<group>"; };
		18AC495D134AEDB100953588 /* geometry.h */ = {isa = PBXFileReference; fileEncoding = 4; lastKnownFileType = sourcecode.c.h; path = geometry.h; sourceTree = "<group>"; };
		18AC495E134AEDB100953588 /* hashmap.h */ = {isa = PBXFileReference; fileEncoding = 4; lastKnownFileType = sourcecode.c.h; path = hashmap.h; sourceTree = "<group>"; };
		18AC495F134AEDB100953588 /* histogram.h */ = {isa = PBXFileReference; fileEncoding = 4; lastKnownFileType = sourcecode.c.h; path = histogram.h; sourceTree = "<group>"; };
		18AC4960134AEDB100953588 /* identify.h */ = {isa = PBXFileReference; fileEncoding = 4; lastKnownFileType = sourcecode.c.h; path = identify.h; sourceTree = "<group>"; };
		18AC4961134AEDB100953588 /* image-view.h */ = {isa = PBXFileReference; fileEncoding = 4; lastKnownFileType = sourcecode.c.h; path = "image-view.h"; sourceTree = "<group>"; };
		18AC4962134AEDB100953588 /* image.h */ = {isa = PBXFileReference; fileEncoding = 4; lastKnownFileType = sourcecode.c.h; path = image.h; sourceTree = "<group>"; };
		18AC4963134AEDB100953588 /* ImageMagick.h */ = {isa = PBXFileReference; fileEncoding = 4; lastKnownFileType = sourcecode.c.h; path = ImageMagick.h; sourceTree = "<group>"; };
		18AC4964134AEDB100953588 /* layer.h */ = {isa = PBXFileReference; fileEncoding = 4; lastKnownFileType = sourcecode.c.h; path = layer.h; sourceTree = "<group>"; };
		18AC4965134AEDB100953588 /* list.h */ = {isa = PBXFileReference; fileEncoding = 4; lastKnownFileType = sourcecode.c.h; path = list.h; sourceTree = "<group>"; };
		18AC4966134AEDB100953588 /* locale_.h */ = {isa = PBXFileReference; fileEncoding = 4; lastKnownFileType = sourcecode.c.h; path = locale_.h; sourceTree = "<group>"; };
		18AC4967134AEDB100953588 /* log.h */ = {isa = PBXFileReference; fileEncoding = 4; lastKnownFileType = sourcecode.c.h; path = log.h; sourceTree = "<group>"; };
		18AC4968134AEDB100953588 /* magic.h */ = {isa = PBXFileReference; fileEncoding = 4; lastKnownFileType = sourcecode.c.h; path = magic.h; sourceTree = "<group>"; };
		18AC4969134AEDB100953588 /* magick-config.h */ = {isa = PBXFileReference; fileEncoding = 4; lastKnownFileType = sourcecode.c.h; path = "magick-config.h"; sourceTree = "<group>"; };
		18AC496A134AEDB100953588 /* magick-type.h */ = {isa = PBXFileReference; fileEncoding = 4; lastKnownFileType = sourcecode.c.h; path = "magick-type.h"; sourceTree = "<group>"; };
		18AC496B134AEDB100953588 /* magick.h */ = {isa = PBXFileReference; fileEncoding = 4; lastKnownFileType = sourcecode.c.h; path = magick.h; sourceTree = "<group>"; };
		18AC496C134AEDB100953588 /* MagickCore.h */ = {isa = PBXFileReference; fileEncoding = 4; lastKnownFileType = sourcecode.c.h; path = MagickCore.h; sourceTree = "<group>"; };
		18AC496D134AEDB100953588 /* matrix.h */ = {isa = PBXFileReference; fileEncoding = 4; lastKnownFileType = sourcecode.c.h; path = matrix.h; sourceTree = "<group>"; };
		18AC496E134AEDB100953588 /* memory_.h */ = {isa = PBXFileReference; fileEncoding = 4; lastKnownFileType = sourcecode.c.h; path = memory_.h; sourceTree = "<group>"; };
		18AC496F134AEDB100953588 /* methods.h */ = {isa = PBXFileReference; fileEncoding = 4; lastKnownFileType = sourcecode.c.h; path = methods.h; sourceTree = "<group>"; };
		18AC4970134AEDB100953588 /* mime.h */ = {isa = PBXFileReference; fileEncoding = 4; lastKnownFileType = sourcecode.c.h; path = mime.h; sourceTree = "<group>"; };
		18AC4971134AEDB100953588 /* module.h */ = {isa = PBXFileReference; fileEncoding = 4; lastKnownFileType = sourcecode.c.h; path = module.h; sourceTree = "<group>"; };
		18AC4972134AEDB100953588 /* monitor.h */ = {isa = PBXFileReference; fileEncoding = 4; lastKnownFileType = sourcecode.c.h; path = monitor.h; sourceTree = "<group>"; };
		18AC4973134AEDB100953588 /* montage.h */ = {isa = PBXFileReference; fileEncoding = 4; lastKnownFileType = sourcecode.c.h; path = montage.h; sourceTree = "<group>"; };
		18AC4974134AEDB100953588 /* morphology.h */ = {isa = PBXFileReference; fileEncoding = 4; lastKnownFileType = sourcecode.c.h; path = morphology.h; sourceTree = "<group>"; };
		18AC4975134AEDB100953588 /* option.h */ = {isa = PBXFileReference; fileEncoding = 4; lastKnownFileType = sourcecode.c.h; path = option.h; sourceTree = "<group>"; };
		18AC4976134AEDB100953588 /* paint.h */ = {isa = PBXFileReference; fileEncoding = 4; lastKnownFileType = sourcecode.c.h; path = paint.h; sourceTree = "<group>"; };
		18AC4977134AEDB100953588 /* pixel.h */ = {isa = PBXFileReference; fileEncoding = 4; lastKnownFileType = sourcecode.c.h; path = pixel.h; sourceTree = "<group>"; };
		18AC4978134AEDB100953588 /* policy.h */ = {isa = PBXFileReference; fileEncoding = 4; lastKnownFileType = sourcecode.c.h; path = policy.h; sourceTree = "<group>"; };
		18AC4979134AEDB100953588 /* prepress.h */ = {isa = PBXFileReference; fileEncoding = 4; lastKnownFileType = sourcecode.c.h; path = prepress.h; sourceTree = "<group>"; };
		18AC497A134AEDB100953588 /* PreRvIcccm.h */ = {isa = PBXFileReference; fileEncoding = 4; lastKnownFileType = sourcecode.c.h; path = PreRvIcccm.h; sourceTree = "<group>"; };
		18AC497B134AEDB100953588 /* profile.h */ = {isa = PBXFileReference; fileEncoding = 4; lastKnownFileType = sourcecode.c.h; path = profile.h; sourceTree = "<group>"; };
		18AC497C134AEDB100953588 /* property.h */ = {isa = PBXFileReference; fileEncoding = 4; lastKnownFileType = sourcecode.c.h; path = property.h; sourceTree = "<group>"; };
		18AC497D134AEDB100953588 /* quantize.h */ = {isa = PBXFileReference; fileEncoding = 4; lastKnownFileType = sourcecode.c.h; path = quantize.h; sourceTree = "<group>"; };
		18AC497E134AEDB100953588 /* quantum.h */ = {isa = PBXFileReference; fileEncoding = 4; lastKnownFileType = sourcecode.c.h; path = quantum.h; sourceTree = "<group>"; };
		18AC497F134AEDB100953588 /* random_.h */ = {isa = PBXFileReference; fileEncoding = 4; lastKnownFileType = sourcecode.c.h; path = random_.h; sourceTree = "<group>"; };
		18AC4980134AEDB100953588 /* registry.h */ = {isa = PBXFileReference; fileEncoding = 4; lastKnownFileType = sourcecode.c.h; path = registry.h; sourceTree = "<group>"; };
		18AC4981134AEDB100953588 /* resample.h */ = {isa = PBXFileReference; fileEncoding = 4; lastKnownFileType = sourcecode.c.h; path = resample.h; sourceTree = "<group>"; };
		18AC4982134AEDB100953588 /* resize.h */ = {isa = PBXFileReference; fileEncoding = 4; lastKnownFileType = sourcecode.c.h; path = resize.h; sourceTree = "<group>"; };
		18AC4983134AEDB100953588 /* resource_.h */ = {isa = PBXFileReference; fileEncoding = 4; lastKnownFileType = sourcecode.c.h; path = resource_.h; sourceTree = "<group>"; };
		18AC4984134AEDB100953588 /* segment.h */ = {isa = PBXFileReference; fileEncoding = 4; lastKnownFileType = sourcecode.c.h; path = segment.h; sourceTree = "<group>"; };
		18AC4985134AEDB100953588 /* semaphore.h */ = {isa = PBXFileReference; fileEncoding = 4; lastKnownFileType = sourcecode.c.h; path = semaphore.h; sourceTree = "<group>"; };
		18AC4986134AEDB100953588 /* shear.h */ = {isa = PBXFileReference; fileEncoding = 4; lastKnownFileType = sourcecode.c.h; path = shear.h; sourceTree = "<group>"; };
		18AC4987134AEDB100953588 /* signature.h */ = {isa = PBXFileReference; fileEncoding = 4; lastKnownFileType = sourcecode.c.h; path = signature.h; sourceTree = "<group>"; };
		18AC4988134AEDB100953588 /* splay-tree.h */ = {isa = PBXFileReference; fileEncoding = 4; lastKnownFileType = sourcecode.c.h; path = "splay-tree.h"; sourceTree = "<group>"; };
		18AC4989134AEDB100953588 /* statistic.h */ = {isa = PBXFileReference; fileEncoding = 4; lastKnownFileType = sourcecode.c.h; path = statistic.h; sourceTree = "<group>"; };
		18AC498A134AEDB100953588 /* stream.h */ = {isa = PBXFileReference; fileEncoding = 4; lastKnownFileType = sourcecode.c.h; path = stream.h; sourceTree = "<group>"; };
		18AC498B134AEDB100953588 /* string_.h */ = {isa = PBXFileReference; fileEncoding = 4; lastKnownFileType = sourcecode.c.h; path = string_.h; sourceTree = "<group>"; };
		18AC498C134AEDB100953588 /* threshold.h */ = {isa = PBXFileReference; fileEncoding = 4; lastKnownFileType = sourcecode.c.h; path = threshold.h; sourceTree = "<group>"; };
		18AC498D134AEDB100953588 /* timer.h */ = {isa = PBXFileReference; fileEncoding = 4; lastKnownFileType = sourcecode.c.h; path = timer.h; sourceTree = "<group>"; };
		18AC498E134AEDB100953588 /* token.h */ = {isa = PBXFileReference; fileEncoding = 4; lastKnownFileType = sourcecode.c.h; path = token.h; sourceTree = "<group>"; };
		18AC498F134AEDB100953588 /* transform.h */ = {isa = PBXFileReference; fileEncoding = 4; lastKnownFileType = sourcecode.c.h; path = transform.h; sourceTree = "<group>"; };
		18AC4990134AEDB100953588 /* type.h */ = {isa = PBXFileReference; fileEncoding = 4; lastKnownFileType = sourcecode.c.h; path = type.h; sourceTree = "<group>"; };
		18AC4991134AEDB100953588 /* utility.h */ = {isa = PBXFileReference; fileEncoding = 4; lastKnownFileType = sourcecode.c.h; path = utility.h; sourceTree = "<group>"; };
		18AC4992134AEDB100953588 /* version.h */ = {isa = PBXFileReference; fileEncoding = 4; lastKnownFileType = sourcecode.c.h; path = version.h; sourceTree = "<group>"; };
		18AC4993134AEDB100953588 /* widget.h */ = {isa = PBXFileReference; fileEncoding = 4; lastKnownFileType = sourcecode.c.h; path = widget.h; sourceTree = "<group>"; };
		18AC4994134AEDB100953588 /* xml-tree.h */ = {isa = PBXFileReference; fileEncoding = 4; lastKnownFileType = sourcecode.c.h; path = "xml-tree.h"; sourceTree = "<group>"; };
		18AC4995134AEDB100953588 /* xwindow.h */ = {isa = PBXFileReference; fileEncoding = 4; lastKnownFileType = sourcecode.c.h; path = xwindow.h; sourceTree = "<group>"; };
		18AC4997134AEDB100953588 /* png.h */ = {isa = PBXFileReference; fileEncoding = 4; lastKnownFileType = sourcecode.c.h; path = png.h; sourceTree = "<group>"; };
		18AC4998134AEDB100953588 /* pngconf.h */ = {isa = PBXFileReference; fileEncoding = 4; lastKnownFileType = sourcecode.c.h; path = pngconf.h; sourceTree = "<group>"; };
		18AC499A134AEDB100953588 /* tiff.h */ = {isa = PBXFileReference; fileEncoding = 4; lastKnownFileType = sourcecode.c.h; path = tiff.h; sourceTree = "<group>"; };
		18AC499B134AEDB100953588 /* tiffconf.h */ = {isa = PBXFileReference; fileEncoding = 4; lastKnownFileType = sourcecode.c.h; path = tiffconf.h; sourceTree = "<group>"; };
		18AC499C134AEDB100953588 /* tiffio.h */ = {isa = PBXFileReference; fileEncoding = 4; lastKnownFileType = sourcecode.c.h; path = tiffio.h; sourceTree = "<group>"; };
		18AC499D134AEDB100953588 /* tiffvers.h */ = {isa = PBXFileReference; fileEncoding = 4; lastKnownFileType = sourcecode.c.h; path = tiffvers.h; sourceTree = "<group>"; };
		18AC499F134AEDB100953588 /* animate.h */ = {isa = PBXFileReference; fileEncoding = 4; lastKnownFileType = sourcecode.c.h; path = animate.h; sourceTree = "<group>"; };
		18AC49A0134AEDB100953588 /* compare.h */ = {isa = PBXFileReference; fileEncoding = 4; lastKnownFileType = sourcecode.c.h; path = compare.h; sourceTree = "<group>"; };
		18AC49A1134AEDB100953588 /* composite.h */ = {isa = PBXFileReference; fileEncoding = 4; lastKnownFileType = sourcecode.c.h; path = composite.h; sourceTree = "<group>"; };
		18AC49A2134AEDB100953588 /* conjure.h */ = {isa = PBXFileReference; fileEncoding = 4; lastKnownFileType = sourcecode.c.h; path = conjure.h; sourceTree = "<group>"; };
		18AC49A3134AEDB100953588 /* convert.h */ = {isa = PBXFileReference; fileEncoding = 4; lastKnownFileType = sourcecode.c.h; path = convert.h; sourceTree = "<group>"; };
		18AC49A4134AEDB100953588 /* deprecate.h */ = {isa = PBXFileReference; fileEncoding = 4; lastKnownFileType = sourcecode.c.h; path = deprecate.h; sourceTree = "<group>"; };
		18AC49A5134AEDB100953588 /* display.h */ = {isa = PBXFileReference; fileEncoding = 4; lastKnownFileType = sourcecode.c.h; path = display.h; sourceTree = "<group>"; };
		18AC49A6134AEDB100953588 /* drawing-wand.h */ = {isa = PBXFileReference; fileEncoding = 4; lastKnownFileType = sourcecode.c.h; path = "drawing-wand.h"; sourceTree = "<group>"; };
		18AC49A7134AEDB100953588 /* identify.h */ = {isa = PBXFileReference; fileEncoding = 4; lastKnownFileType = sourcecode.c.h; path = identify.h; sourceTree = "<group>"; };
		18AC49A8134AEDB100953588 /* import.h */ = {isa = PBXFileReference; fileEncoding = 4; lastKnownFileType = sourcecode.c.h; path = import.h; sourceTree = "<group>"; };
		18AC49A9134AEDB100953588 /* magick-image.h */ = {isa = PBXFileReference; fileEncoding = 4; lastKnownFileType = sourcecode.c.h; path = "magick-image.h"; sourceTree = "<group>"; };
		18AC49AA134AEDB100953588 /* magick-property.h */ = {isa = PBXFileReference; fileEncoding = 4; lastKnownFileType = sourcecode.c.h; path = "magick-property.h"; sourceTree = "<group>"; };
		18AC49AB134AEDB100953588 /* magick-wand.h */ = {isa = PBXFileReference; fileEncoding = 4; lastKnownFileType = sourcecode.c.h; path = "magick-wand.h"; sourceTree = "<group>"; };
		18AC49AC134AEDB100953588 /* magick_wand.h */ = {isa = PBXFileReference; fileEncoding = 4; lastKnownFileType = sourcecode.c.h; path = magick_wand.h; sourceTree = "<group>"; };
		18AC49AD134AEDB100953588 /* MagickWand.h */ = {isa = PBXFileReference; fileEncoding = 4; lastKnownFileType = sourcecode.c.h; path = MagickWand.h; sourceTree = "<group>"; };
		18AC49AE134AEDB100953588 /* mogrify.h */ = {isa = PBXFileReference; fileEncoding = 4; lastKnownFileType = sourcecode.c.h; path = mogrify.h; sourceTree = "<group>"; };
		18AC49AF134AEDB100953588 /* montage.h */ = {isa = PBXFileReference; fileEncoding = 4; lastKnownFileType = sourcecode.c.h; path = montage.h; sourceTree = "<group>"; };
		18AC49B0134AEDB100953588 /* pixel-iterator.h */ = {isa = PBXFileReference; fileEncoding = 4; lastKnownFileType = sourcecode.c.h; path = "pixel-iterator.h"; sourceTree = "<group>"; };
		18AC49B1134AEDB100953588 /* pixel-wand.h */ = {isa = PBXFileReference; fileEncoding = 4; lastKnownFileType = sourcecode.c.h; path = "pixel-wand.h"; sourceTree = "<group>"; };
		18AC49B2134AEDB100953588 /* stream.h */ = {isa = PBXFileReference; fileEncoding = 4; lastKnownFileType = sourcecode.c.h; path = stream.h; sourceTree = "<group>"; };
		18AC49B3134AEDB100953588 /* wand-view.h */ = {isa = PBXFileReference; fileEncoding = 4; lastKnownFileType = sourcecode.c.h; path = "wand-view.h"; sourceTree = "<group>"; };
		18AC49B4134AEDB100953588 /* libjpeg.a */ = {isa = PBXFileReference; lastKnownFileType = archive.ar; path = libjpeg.a; sourceTree = "<group>"; };
		18AC49B5134AEDB100953588 /* libMagickCore.a */ = {isa = PBXFileReference; lastKnownFileType = archive.ar; path = libMagickCore.a; sourceTree = "<group>"; };
		18AC49B6134AEDB100953588 /* libMagickWand.a */ = {isa = PBXFileReference; lastKnownFileType = archive.ar; path = libMagickWand.a; sourceTree = "<group>"; };
		18AC49B7134AEDB100953588 /* libpng.a */ = {isa = PBXFileReference; lastKnownFileType = archive.ar; path = libpng.a; sourceTree = "<group>"; };
		18AC49B8134AEDB100953588 /* libtiff.a */ = {isa = PBXFileReference; lastKnownFileType = archive.ar; path = libtiff.a; sourceTree = "<group>"; };
/* End PBXFileReference section */

/* Begin PBXFrameworksBuildPhase section */
		180A673D13483F1A00225E7E /* Frameworks */ = {
			isa = PBXFrameworksBuildPhase;
			buildActionMask = 2147483647;
			files = (
				180A674513483F1A00225E7E /* UIKit.framework in Frameworks */,
				180A674713483F1A00225E7E /* Foundation.framework in Frameworks */,
				180A674913483F1A00225E7E /* CoreGraphics.framework in Frameworks */,
				18AC49DB134AEDB100953588 /* libjpeg.a in Frameworks */,
				18AC49DD134AEDB200953588 /* libMagickCore.a in Frameworks */,
				18AC49DF134AEDB200953588 /* libMagickWand.a in Frameworks */,
				18AC49E1134AEDB200953588 /* libpng.a in Frameworks */,
				18AC49E3134AEDB200953588 /* libtiff.a in Frameworks */,
			);
			runOnlyForDeploymentPostprocessing = 0;
		};
		180A676513483F1B00225E7E /* Frameworks */ = {
			isa = PBXFrameworksBuildPhase;
			buildActionMask = 2147483647;
			files = (
				180A676A13483F1B00225E7E /* UIKit.framework in Frameworks */,
				180A676B13483F1B00225E7E /* Foundation.framework in Frameworks */,
				180A676C13483F1B00225E7E /* CoreGraphics.framework in Frameworks */,
				18AC49DC134AEDB200953588 /* libjpeg.a in Frameworks */,
				18AC49DE134AEDB200953588 /* libMagickCore.a in Frameworks */,
				18AC49E0134AEDB200953588 /* libMagickWand.a in Frameworks */,
				18AC49E2134AEDB200953588 /* libpng.a in Frameworks */,
				18AC49E4134AEDB200953588 /* libtiff.a in Frameworks */,
			);
			runOnlyForDeploymentPostprocessing = 0;
		};
/* End PBXFrameworksBuildPhase section */

/* Begin PBXGroup section */
		180A673513483F1A00225E7E = {
			isa = PBXGroup;
			children = (
				180A678213483F3100225E7E /* README */,
				180A674A13483F1A00225E7E /* PhotoFX */,
				180A676F13483F1B00225E7E /* PhotoFXTests */,
				180A674313483F1A00225E7E /* Frameworks */,
				180A674113483F1A00225E7E /* Products */,
			);
			sourceTree = "<group>";
		};
		180A674113483F1A00225E7E /* Products */ = {
			isa = PBXGroup;
			children = (
				180A674013483F1A00225E7E /* PhotoFX.app */,
				180A676913483F1B00225E7E /* PhotoFXTests.octest */,
			);
			name = Products;
			sourceTree = "<group>";
		};
		180A674313483F1A00225E7E /* Frameworks */ = {
			isa = PBXGroup;
			children = (
				18AC4922134AEDB100953588 /* IM */,
				180A674413483F1A00225E7E /* UIKit.framework */,
				180A674613483F1A00225E7E /* Foundation.framework */,
				180A674813483F1A00225E7E /* CoreGraphics.framework */,
			);
			name = Frameworks;
			sourceTree = "<group>";
		};
		180A674A13483F1A00225E7E /* PhotoFX */ = {
			isa = PBXGroup;
			children = (
				180A675313483F1A00225E7E /* PhotoFXAppDelegate.h */,
				180A675413483F1A00225E7E /* PhotoFXAppDelegate.m */,
				180A675613483F1A00225E7E /* iPhone */,
				180A675D13483F1B00225E7E /* iPad */,
				180A674B13483F1A00225E7E /* Supporting Files */,
			);
			path = PhotoFX;
			sourceTree = "<group>";
		};
		180A674B13483F1A00225E7E /* Supporting Files */ = {
			isa = PBXGroup;
			children = (
				180A674C13483F1A00225E7E /* PhotoFX-Info.plist */,
				180A674D13483F1A00225E7E /* InfoPlist.strings */,
				180A675013483F1A00225E7E /* PhotoFX-Prefix.pch */,
				180A675113483F1A00225E7E /* main.m */,
			);
			name = "Supporting Files";
			sourceTree = "<group>";
		};
		180A675613483F1A00225E7E /* iPhone */ = {
			isa = PBXGroup;
			children = (
				180A675713483F1A00225E7E /* PhotoFXAppDelegate_iPhone.h */,
				180A675813483F1A00225E7E /* PhotoFXAppDelegate_iPhone.m */,
				180A675A13483F1B00225E7E /* MainWindow_iPhone.xib */,
			);
			name = iPhone;
			sourceTree = "<group>";
		};
		180A675D13483F1B00225E7E /* iPad */ = {
			isa = PBXGroup;
			children = (
				180A675E13483F1B00225E7E /* PhotoFXAppDelegate_iPad.h */,
				180A675F13483F1B00225E7E /* PhotoFXAppDelegate_iPad.m */,
				180A676113483F1B00225E7E /* MainWindow_iPad.xib */,
			);
			name = iPad;
			sourceTree = "<group>";
		};
		180A676F13483F1B00225E7E /* PhotoFXTests */ = {
			isa = PBXGroup;
			children = (
				180A677613483F1B00225E7E /* PhotoFXTests.h */,
				180A677813483F1B00225E7E /* PhotoFXTests.m */,
				180A677013483F1B00225E7E /* Supporting Files */,
			);
			path = PhotoFXTests;
			sourceTree = "<group>";
		};
		180A677013483F1B00225E7E /* Supporting Files */ = {
			isa = PBXGroup;
			children = (
				180A677113483F1B00225E7E /* PhotoFXTests-Info.plist */,
				180A677213483F1B00225E7E /* InfoPlist.strings */,
				180A677513483F1B00225E7E /* PhotoFXTests-Prefix.pch */,
			);
			name = "Supporting Files";
			sourceTree = "<group>";
		};
		18AC4922134AEDB100953588 /* IM */ = {
			isa = PBXGroup;
			children = (
				18AC4923134AEDB100953588 /* include */,
				18AC49B4134AEDB100953588 /* libjpeg.a */,
				18AC49B5134AEDB100953588 /* libMagickCore.a */,
				18AC49B6134AEDB100953588 /* libMagickWand.a */,
				18AC49B7134AEDB100953588 /* libpng.a */,
				18AC49B8134AEDB100953588 /* libtiff.a */,
			);
			path = IM;
			sourceTree = "<group>";
		};
		18AC4923134AEDB100953588 /* include */ = {
			isa = PBXGroup;
			children = (
				18AC4924134AEDB100953588 /* im_config */,
				18AC4936134AEDB100953588 /* jpeg */,
				18AC493B134AEDB100953588 /* magick */,
				18AC4996134AEDB100953588 /* png */,
				18AC4999134AEDB100953588 /* tiff */,
				18AC499E134AEDB100953588 /* wand */,
			);
			path = include;
			sourceTree = "<group>";
		};
		18AC4924134AEDB100953588 /* im_config */ = {
			isa = PBXGroup;
			children = (
				18AC4925134AEDB100953588 /* coder.xml */,
				18AC4926134AEDB100953588 /* colors.xml */,
				18AC4927134AEDB100953588 /* configure.xml */,
				18AC4928134AEDB100953588 /* delegates.xml */,
				18AC4929134AEDB100953588 /* english.xml */,
				18AC492A134AEDB100953588 /* francais.xml */,
				18AC492B134AEDB100953588 /* locale.xml */,
				18AC492C134AEDB100953588 /* log.xml */,
				18AC492D134AEDB100953588 /* magic.xml */,
				18AC492E134AEDB100953588 /* mime.xml */,
				18AC492F134AEDB100953588 /* policy.xml */,
				18AC4930134AEDB100953588 /* sRGB.icm */,
				18AC4931134AEDB100953588 /* thresholds.xml */,
				18AC4932134AEDB100953588 /* type-dejavu.xml */,
				18AC4933134AEDB100953588 /* type-ghostscript.xml */,
				18AC4934134AEDB100953588 /* type-windows.xml */,
				18AC4935134AEDB100953588 /* type.xml */,
			);
			path = im_config;
			sourceTree = "<group>";
		};
		18AC4936134AEDB100953588 /* jpeg */ = {
			isa = PBXGroup;
			children = (
				18AC4937134AEDB100953588 /* jconfig.h */,
				18AC4938134AEDB100953588 /* jerror.h */,
				18AC4939134AEDB100953588 /* jmorecfg.h */,
				18AC493A134AEDB100953588 /* jpeglib.h */,
			);
			path = jpeg;
			sourceTree = "<group>";
		};
		18AC493B134AEDB100953588 /* magick */ = {
			isa = PBXGroup;
			children = (
				18AC493C134AEDB100953588 /* accelerate.h */,
				18AC493D134AEDB100953588 /* animate.h */,
				18AC493E134AEDB100953588 /* annotate.h */,
				18AC493F134AEDB100953588 /* api.h */,
				18AC4940134AEDB100953588 /* artifact.h */,
				18AC4941134AEDB100953588 /* attribute.h */,
				18AC4942134AEDB100953588 /* blob.h */,
				18AC4943134AEDB100953588 /* cache-view.h */,
				18AC4944134AEDB100953588 /* cache.h */,
				18AC4945134AEDB100953588 /* cipher.h */,
				18AC4946134AEDB100953588 /* client.h */,
				18AC4947134AEDB100953588 /* coder.h */,
				18AC4948134AEDB100953588 /* color.h */,
				18AC4949134AEDB100953588 /* colormap.h */,
				18AC494A134AEDB100953588 /* colorspace.h */,
				18AC494B134AEDB100953588 /* compare.h */,
				18AC494C134AEDB100953588 /* composite.h */,
				18AC494D134AEDB100953588 /* compress.h */,
				18AC494E134AEDB100953588 /* configure.h */,
				18AC494F134AEDB100953588 /* constitute.h */,
				18AC4950134AEDB100953588 /* decorate.h */,
				18AC4951134AEDB100953588 /* delegate.h */,
				18AC4952134AEDB100953588 /* deprecate.h */,
				18AC4953134AEDB100953588 /* display.h */,
				18AC4954134AEDB100953588 /* distort.h */,
				18AC4955134AEDB100953588 /* draw.h */,
				18AC4956134AEDB100953588 /* effect.h */,
				18AC4957134AEDB100953588 /* enhance.h */,
				18AC4958134AEDB100953588 /* exception.h */,
				18AC4959134AEDB100953588 /* feature.h */,
				18AC495A134AEDB100953588 /* fourier.h */,
				18AC495B134AEDB100953588 /* fx.h */,
				18AC495C134AEDB100953588 /* gem.h */,
				18AC495D134AEDB100953588 /* geometry.h */,
				18AC495E134AEDB100953588 /* hashmap.h */,
				18AC495F134AEDB100953588 /* histogram.h */,
				18AC4960134AEDB100953588 /* identify.h */,
				18AC4961134AEDB100953588 /* image-view.h */,
				18AC4962134AEDB100953588 /* image.h */,
				18AC4963134AEDB100953588 /* ImageMagick.h */,
				18AC4964134AEDB100953588 /* layer.h */,
				18AC4965134AEDB100953588 /* list.h */,
				18AC4966134AEDB100953588 /* locale_.h */,
				18AC4967134AEDB100953588 /* log.h */,
				18AC4968134AEDB100953588 /* magic.h */,
				18AC4969134AEDB100953588 /* magick-config.h */,
				18AC496A134AEDB100953588 /* magick-type.h */,
				18AC496B134AEDB100953588 /* magick.h */,
				18AC496C134AEDB100953588 /* MagickCore.h */,
				18AC496D134AEDB100953588 /* matrix.h */,
				18AC496E134AEDB100953588 /* memory_.h */,
				18AC496F134AEDB100953588 /* methods.h */,
				18AC4970134AEDB100953588 /* mime.h */,
				18AC4971134AEDB100953588 /* module.h */,
				18AC4972134AEDB100953588 /* monitor.h */,
				18AC4973134AEDB100953588 /* montage.h */,
				18AC4974134AEDB100953588 /* morphology.h */,
				18AC4975134AEDB100953588 /* option.h */,
				18AC4976134AEDB100953588 /* paint.h */,
				18AC4977134AEDB100953588 /* pixel.h */,
				18AC4978134AEDB100953588 /* policy.h */,
				18AC4979134AEDB100953588 /* prepress.h */,
				18AC497A134AEDB100953588 /* PreRvIcccm.h */,
				18AC497B134AEDB100953588 /* profile.h */,
				18AC497C134AEDB100953588 /* property.h */,
				18AC497D134AEDB100953588 /* quantize.h */,
				18AC497E134AEDB100953588 /* quantum.h */,
				18AC497F134AEDB100953588 /* random_.h */,
				18AC4980134AEDB100953588 /* registry.h */,
				18AC4981134AEDB100953588 /* resample.h */,
				18AC4982134AEDB100953588 /* resize.h */,
				18AC4983134AEDB100953588 /* resource_.h */,
				18AC4984134AEDB100953588 /* segment.h */,
				18AC4985134AEDB100953588 /* semaphore.h */,
				18AC4986134AEDB100953588 /* shear.h */,
				18AC4987134AEDB100953588 /* signature.h */,
				18AC4988134AEDB100953588 /* splay-tree.h */,
				18AC4989134AEDB100953588 /* statistic.h */,
				18AC498A134AEDB100953588 /* stream.h */,
				18AC498B134AEDB100953588 /* string_.h */,
				18AC498C134AEDB100953588 /* threshold.h */,
				18AC498D134AEDB100953588 /* timer.h */,
				18AC498E134AEDB100953588 /* token.h */,
				18AC498F134AEDB100953588 /* transform.h */,
				18AC4990134AEDB100953588 /* type.h */,
				18AC4991134AEDB100953588 /* utility.h */,
				18AC4992134AEDB100953588 /* version.h */,
				18AC4993134AEDB100953588 /* widget.h */,
				18AC4994134AEDB100953588 /* xml-tree.h */,
				18AC4995134AEDB100953588 /* xwindow.h */,
			);
			path = magick;
			sourceTree = "<group>";
		};
		18AC4996134AEDB100953588 /* png */ = {
			isa = PBXGroup;
			children = (
				18AC4997134AEDB100953588 /* png.h */,
				18AC4998134AEDB100953588 /* pngconf.h */,
			);
			path = png;
			sourceTree = "<group>";
		};
		18AC4999134AEDB100953588 /* tiff */ = {
			isa = PBXGroup;
			children = (
				18AC499A134AEDB100953588 /* tiff.h */,
				18AC499B134AEDB100953588 /* tiffconf.h */,
				18AC499C134AEDB100953588 /* tiffio.h */,
				18AC499D134AEDB100953588 /* tiffvers.h */,
			);
			path = tiff;
			sourceTree = "<group>";
		};
		18AC499E134AEDB100953588 /* wand */ = {
			isa = PBXGroup;
			children = (
				18AC499F134AEDB100953588 /* animate.h */,
				18AC49A0134AEDB100953588 /* compare.h */,
				18AC49A1134AEDB100953588 /* composite.h */,
				18AC49A2134AEDB100953588 /* conjure.h */,
				18AC49A3134AEDB100953588 /* convert.h */,
				18AC49A4134AEDB100953588 /* deprecate.h */,
				18AC49A5134AEDB100953588 /* display.h */,
				18AC49A6134AEDB100953588 /* drawing-wand.h */,
				18AC49A7134AEDB100953588 /* identify.h */,
				18AC49A8134AEDB100953588 /* import.h */,
				18AC49A9134AEDB100953588 /* magick-image.h */,
				18AC49AA134AEDB100953588 /* magick-property.h */,
				18AC49AB134AEDB100953588 /* magick-wand.h */,
				18AC49AC134AEDB100953588 /* magick_wand.h */,
				18AC49AD134AEDB100953588 /* MagickWand.h */,
				18AC49AE134AEDB100953588 /* mogrify.h */,
				18AC49AF134AEDB100953588 /* montage.h */,
				18AC49B0134AEDB100953588 /* pixel-iterator.h */,
				18AC49B1134AEDB100953588 /* pixel-wand.h */,
				18AC49B2134AEDB100953588 /* stream.h */,
				18AC49B3134AEDB100953588 /* wand-view.h */,
			);
			path = wand;
			sourceTree = "<group>";
		};
/* End PBXGroup section */

/* Begin PBXNativeTarget section */
		180A673F13483F1A00225E7E /* PhotoFX */ = {
			isa = PBXNativeTarget;
			buildConfigurationList = 180A677C13483F1B00225E7E /* Build configuration list for PBXNativeTarget "PhotoFX" */;
			buildPhases = (
				180A673C13483F1A00225E7E /* Sources */,
				180A673D13483F1A00225E7E /* Frameworks */,
				180A673E13483F1A00225E7E /* Resources */,
			);
			buildRules = (
			);
			dependencies = (
			);
			name = PhotoFX;
			productName = PhotoFX;
			productReference = 180A674013483F1A00225E7E /* PhotoFX.app */;
			productType = "com.apple.product-type.application";
		};
		180A676813483F1B00225E7E /* PhotoFXTests */ = {
			isa = PBXNativeTarget;
			buildConfigurationList = 180A677F13483F1B00225E7E /* Build configuration list for PBXNativeTarget "PhotoFXTests" */;
			buildPhases = (
				180A676413483F1B00225E7E /* Sources */,
				180A676513483F1B00225E7E /* Frameworks */,
				180A676613483F1B00225E7E /* Resources */,
				180A676713483F1B00225E7E /* ShellScript */,
			);
			buildRules = (
			);
			dependencies = (
				180A676E13483F1B00225E7E /* PBXTargetDependency */,
			);
			name = PhotoFXTests;
			productName = PhotoFXTests;
			productReference = 180A676913483F1B00225E7E /* PhotoFXTests.octest */;
			productType = "com.apple.product-type.bundle";
		};
/* End PBXNativeTarget section */

/* Begin PBXProject section */
		180A673713483F1A00225E7E /* Project object */ = {
			isa = PBXProject;
			buildConfigurationList = 180A673A13483F1A00225E7E /* Build configuration list for PBXProject "PhotoFX" */;
			compatibilityVersion = "Xcode 3.2";
			developmentRegion = English;
			hasScannedForEncodings = 0;
			knownRegions = (
				en,
			);
			mainGroup = 180A673513483F1A00225E7E;
			productRefGroup = 180A674113483F1A00225E7E /* Products */;
			projectDirPath = "";
			projectRoot = "";
			targets = (
				180A673F13483F1A00225E7E /* PhotoFX */,
				180A676813483F1B00225E7E /* PhotoFXTests */,
			);
		};
/* End PBXProject section */

/* Begin PBXResourcesBuildPhase section */
		180A673E13483F1A00225E7E /* Resources */ = {
			isa = PBXResourcesBuildPhase;
			buildActionMask = 2147483647;
			files = (
				180A674F13483F1A00225E7E /* InfoPlist.strings in Resources */,
				180A675C13483F1B00225E7E /* MainWindow_iPhone.xib in Resources */,
				180A676313483F1B00225E7E /* MainWindow_iPad.xib in Resources */,
				180A678313483F3100225E7E /* README in Resources */,
				18AC49B9134AEDB100953588 /* coder.xml in Resources */,
				18AC49BB134AEDB100953588 /* colors.xml in Resources */,
				18AC49BD134AEDB100953588 /* configure.xml in Resources */,
				18AC49BF134AEDB100953588 /* delegates.xml in Resources */,
				18AC49C1134AEDB100953588 /* english.xml in Resources */,
				18AC49C3134AEDB100953588 /* francais.xml in Resources */,
				18AC49C5134AEDB100953588 /* locale.xml in Resources */,
				18AC49C7134AEDB100953588 /* log.xml in Resources */,
				18AC49C9134AEDB100953588 /* magic.xml in Resources */,
				18AC49CB134AEDB100953588 /* mime.xml in Resources */,
				18AC49CD134AEDB100953588 /* policy.xml in Resources */,
				18AC49CF134AEDB100953588 /* sRGB.icm in Resources */,
				18AC49D1134AEDB100953588 /* thresholds.xml in Resources */,
				18AC49D3134AEDB100953588 /* type-dejavu.xml in Resources */,
				18AC49D5134AEDB100953588 /* type-ghostscript.xml in Resources */,
				18AC49D7134AEDB100953588 /* type-windows.xml in Resources */,
				18AC49D9134AEDB100953588 /* type.xml in Resources */,
			);
			runOnlyForDeploymentPostprocessing = 0;
		};
		180A676613483F1B00225E7E /* Resources */ = {
			isa = PBXResourcesBuildPhase;
			buildActionMask = 2147483647;
			files = (
				180A677413483F1B00225E7E /* InfoPlist.strings in Resources */,
				180A677713483F1B00225E7E /* PhotoFXTests.h in Resources */,
				18AC49BA134AEDB100953588 /* coder.xml in Resources */,
				18AC49BC134AEDB100953588 /* colors.xml in Resources */,
				18AC49BE134AEDB100953588 /* configure.xml in Resources */,
				18AC49C0134AEDB100953588 /* delegates.xml in Resources */,
				18AC49C2134AEDB100953588 /* english.xml in Resources */,
				18AC49C4134AEDB100953588 /* francais.xml in Resources */,
				18AC49C6134AEDB100953588 /* locale.xml in Resources */,
				18AC49C8134AEDB100953588 /* log.xml in Resources */,
				18AC49CA134AEDB100953588 /* magic.xml in Resources */,
				18AC49CC134AEDB100953588 /* mime.xml in Resources */,
				18AC49CE134AEDB100953588 /* policy.xml in Resources */,
				18AC49D0134AEDB100953588 /* sRGB.icm in Resources */,
				18AC49D2134AEDB100953588 /* thresholds.xml in Resources */,
				18AC49D4134AEDB100953588 /* type-dejavu.xml in Resources */,
				18AC49D6134AEDB100953588 /* type-ghostscript.xml in Resources */,
				18AC49D8134AEDB100953588 /* type-windows.xml in Resources */,
				18AC49DA134AEDB100953588 /* type.xml in Resources */,
			);
			runOnlyForDeploymentPostprocessing = 0;
		};
/* End PBXResourcesBuildPhase section */

/* Begin PBXShellScriptBuildPhase section */
		180A676713483F1B00225E7E /* ShellScript */ = {
			isa = PBXShellScriptBuildPhase;
			buildActionMask = 2147483647;
			files = (
			);
			inputPaths = (
			);
			outputPaths = (
			);
			runOnlyForDeploymentPostprocessing = 0;
			shellPath = /bin/sh;
			shellScript = "# Run the unit tests in this test bundle.\n\"${SYSTEM_DEVELOPER_DIR}/Tools/RunUnitTests\"\n";
		};
/* End PBXShellScriptBuildPhase section */

/* Begin PBXSourcesBuildPhase section */
		180A673C13483F1A00225E7E /* Sources */ = {
			isa = PBXSourcesBuildPhase;
			buildActionMask = 2147483647;
			files = (
				180A675213483F1A00225E7E /* main.m in Sources */,
				180A675513483F1A00225E7E /* PhotoFXAppDelegate.m in Sources */,
				180A675913483F1A00225E7E /* PhotoFXAppDelegate_iPhone.m in Sources */,
				180A676013483F1B00225E7E /* PhotoFXAppDelegate_iPad.m in Sources */,
			);
			runOnlyForDeploymentPostprocessing = 0;
		};
		180A676413483F1B00225E7E /* Sources */ = {
			isa = PBXSourcesBuildPhase;
			buildActionMask = 2147483647;
			files = (
				180A677913483F1B00225E7E /* PhotoFXTests.m in Sources */,
			);
			runOnlyForDeploymentPostprocessing = 0;
		};
/* End PBXSourcesBuildPhase section */

/* Begin PBXTargetDependency section */
		180A676E13483F1B00225E7E /* PBXTargetDependency */ = {
			isa = PBXTargetDependency;
			target = 180A673F13483F1A00225E7E /* PhotoFX */;
			targetProxy = 180A676D13483F1B00225E7E /* PBXContainerItemProxy */;
		};
/* End PBXTargetDependency section */

/* Begin PBXVariantGroup section */
		180A674D13483F1A00225E7E /* InfoPlist.strings */ = {
			isa = PBXVariantGroup;
			children = (
				180A674E13483F1A00225E7E /* en */,
			);
			name = InfoPlist.strings;
			sourceTree = "<group>";
		};
		180A675A13483F1B00225E7E /* MainWindow_iPhone.xib */ = {
			isa = PBXVariantGroup;
			children = (
				180A675B13483F1B00225E7E /* en */,
			);
			name = MainWindow_iPhone.xib;
			sourceTree = "<group>";
		};
		180A676113483F1B00225E7E /* MainWindow_iPad.xib */ = {
			isa = PBXVariantGroup;
			children = (
				180A676213483F1B00225E7E /* en */,
			);
			name = MainWindow_iPad.xib;
			sourceTree = "<group>";
		};
		180A677213483F1B00225E7E /* InfoPlist.strings */ = {
			isa = PBXVariantGroup;
			children = (
				180A677313483F1B00225E7E /* en */,
			);
			name = InfoPlist.strings;
			sourceTree = "<group>";
		};
/* End PBXVariantGroup section */

/* Begin XCBuildConfiguration section */
		180A677A13483F1B00225E7E /* Debug */ = {
			isa = XCBuildConfiguration;
			buildSettings = {
				ARCHS = "$(ARCHS_STANDARD_32_BIT)";
				"CODE_SIGN_IDENTITY[sdk=iphoneos*]" = "iPhone Developer";
				GCC_C_LANGUAGE_STANDARD = gnu99;
				GCC_OPTIMIZATION_LEVEL = 0;
				GCC_PREPROCESSOR_DEFINITIONS = DEBUG;
				GCC_SYMBOLS_PRIVATE_EXTERN = NO;
				GCC_VERSION = com.apple.compilers.llvmgcc42;
				GCC_WARN_ABOUT_RETURN_TYPE = YES;
				GCC_WARN_UNUSED_VARIABLE = YES;
				HEADER_SEARCH_PATHS = "$(SRCROOT)/**";
				IPHONEOS_DEPLOYMENT_TARGET = 3.2;
				LIBRARY_SEARCH_PATHS = "$(SRCROOT)/**";
				OTHER_CFLAGS = "-Dmacintosh=1";
				OTHER_CPLUSPLUSFLAGS = "-Dmacintosh=1";
				OTHER_LDFLAGS = (
					"-lMagickCore",
					"-lMagickWand",
					"-lz",
					"-lbz2",
					"-ljpeg",
					"-lpng",
				);
				SDKROOT = iphoneos;
				TARGETED_DEVICE_FAMILY = "1,2";
			};
			name = Debug;
		};
		180A677B13483F1B00225E7E /* Release */ = {
			isa = XCBuildConfiguration;
			buildSettings = {
				ARCHS = "$(ARCHS_STANDARD_32_BIT)";
				"CODE_SIGN_IDENTITY[sdk=iphoneos*]" = "iPhone Developer";
				GCC_C_LANGUAGE_STANDARD = gnu99;
				GCC_VERSION = com.apple.compilers.llvmgcc42;
				GCC_WARN_ABOUT_RETURN_TYPE = YES;
				GCC_WARN_UNUSED_VARIABLE = YES;
				HEADER_SEARCH_PATHS = "$(SRCROOT)/**";
				IPHONEOS_DEPLOYMENT_TARGET = 3.2;
				LIBRARY_SEARCH_PATHS = "$(SRCROOT)/**";
				OTHER_CFLAGS = "-Dmacintosh=1";
				OTHER_CPLUSPLUSFLAGS = "-Dmacintosh=1";
				OTHER_LDFLAGS = (
					"-lMagickCore",
					"-lMagickWand",
					"-lz",
					"-lbz2",
					"-ljpeg",
					"-lpng",
				);
				SDKROOT = iphoneos;
				TARGETED_DEVICE_FAMILY = "1,2";
			};
			name = Release;
		};
		180A677D13483F1B00225E7E /* Debug */ = {
			isa = XCBuildConfiguration;
			buildSettings = {
				ALWAYS_SEARCH_USER_PATHS = NO;
				COPY_PHASE_STRIP = NO;
				GCC_DYNAMIC_NO_PIC = NO;
				GCC_PRECOMPILE_PREFIX_HEADER = YES;
				GCC_PREFIX_HEADER = "PhotoFX/PhotoFX-Prefix.pch";
				INFOPLIST_FILE = "PhotoFX/PhotoFX-Info.plist";
				LIBRARY_SEARCH_PATHS = (
					"$(inherited)",
					"\"$(SRCROOT)/IM\"",
				);
				PRODUCT_NAME = "$(TARGET_NAME)";
				WRAPPER_EXTENSION = app;
			};
			name = Debug;
		};
		180A677E13483F1B00225E7E /* Release */ = {
			isa = XCBuildConfiguration;
			buildSettings = {
				ALWAYS_SEARCH_USER_PATHS = NO;
				COPY_PHASE_STRIP = YES;
				GCC_PRECOMPILE_PREFIX_HEADER = YES;
				GCC_PREFIX_HEADER = "PhotoFX/PhotoFX-Prefix.pch";
				INFOPLIST_FILE = "PhotoFX/PhotoFX-Info.plist";
				LIBRARY_SEARCH_PATHS = (
					"$(inherited)",
					"\"$(SRCROOT)/IM\"",
				);
				PRODUCT_NAME = "$(TARGET_NAME)";
				VALIDATE_PRODUCT = YES;
				WRAPPER_EXTENSION = app;
			};
			name = Release;
		};
		180A678013483F1B00225E7E /* Debug */ = {
			isa = XCBuildConfiguration;
			buildSettings = {
				ALWAYS_SEARCH_USER_PATHS = NO;
				BUNDLE_LOADER = "$(BUILT_PRODUCTS_DIR)/PhotoFX.app/PhotoFX";
				FRAMEWORK_SEARCH_PATHS = (
					"$(SDKROOT)/Developer/Library/Frameworks",
					"$(DEVELOPER_LIBRARY_DIR)/Frameworks",
				);
				GCC_PRECOMPILE_PREFIX_HEADER = YES;
				GCC_PREFIX_HEADER = "PhotoFXTests/PhotoFXTests-Prefix.pch";
				INFOPLIST_FILE = "PhotoFXTests/PhotoFXTests-Info.plist";
				LIBRARY_SEARCH_PATHS = (
					"$(inherited)",
					"\"$(SRCROOT)/IM\"",
				);
				OTHER_LDFLAGS = (
					"-framework",
					SenTestingKit,
				);
				PRODUCT_NAME = "$(TARGET_NAME)";
				TEST_HOST = "$(BUNDLE_LOADER)";
				WRAPPER_EXTENSION = octest;
			};
			name = Debug;
		};
		180A678113483F1B00225E7E /* Release */ = {
			isa = XCBuildConfiguration;
			buildSettings = {
				ALWAYS_SEARCH_USER_PATHS = NO;
				BUNDLE_LOADER = "$(BUILT_PRODUCTS_DIR)/PhotoFX.app/PhotoFX";
				FRAMEWORK_SEARCH_PATHS = (
					"$(SDKROOT)/Developer/Library/Frameworks",
					"$(DEVELOPER_LIBRARY_DIR)/Frameworks",
				);
				GCC_PRECOMPILE_PREFIX_HEADER = YES;
				GCC_PREFIX_HEADER = "PhotoFXTests/PhotoFXTests-Prefix.pch";
				INFOPLIST_FILE = "PhotoFXTests/PhotoFXTests-Info.plist";
				LIBRARY_SEARCH_PATHS = (
					"$(inherited)",
					"\"$(SRCROOT)/IM\"",
				);
				OTHER_LDFLAGS = (
					"-framework",
					SenTestingKit,
				);
				PRODUCT_NAME = "$(TARGET_NAME)";
				TEST_HOST = "$(BUNDLE_LOADER)";
				WRAPPER_EXTENSION = octest;
			};
			name = Release;
		};
/* End XCBuildConfiguration section */

/* Begin XCConfigurationList section */
		180A673A13483F1A00225E7E /* Build configuration list for PBXProject "PhotoFX" */ = {
			isa = XCConfigurationList;
			buildConfigurations = (
				180A677A13483F1B00225E7E /* Debug */,
				180A677B13483F1B00225E7E /* Release */,
			);
			defaultConfigurationIsVisible = 0;
			defaultConfigurationName = Release;
		};
		180A677C13483F1B00225E7E /* Build configuration list for PBXNativeTarget "PhotoFX" */ = {
			isa = XCConfigurationList;
			buildConfigurations = (
				180A677D13483F1B00225E7E /* Debug */,
				180A677E13483F1B00225E7E /* Release */,
			);
			defaultConfigurationIsVisible = 0;
			defaultConfigurationName = Release;
		};
		180A677F13483F1B00225E7E /* Build configuration list for PBXNativeTarget "PhotoFXTests" */ = {
			isa = XCConfigurationList;
			buildConfigurations = (
				180A678013483F1B00225E7E /* Debug */,
				180A678113483F1B00225E7E /* Release */,
			);
			defaultConfigurationIsVisible = 0;
			defaultConfigurationName = Release;
		};
/* End XCConfigurationList section */
	};
	rootObject = 180A673713483F1A00225E7E /* Project object */;
}
